{
    "name": "sentimentbot",
    "version": "0.1.0",
    "lockfileVersion": 1,
    "requires": true,
    "dependencies": {
        "survey-react": {
            "version": "1.0.72",
            "resolved": "https://registry.npmjs.org/survey-react/-/survey-react-1.0.72.tgz",
            "integrity": "sha512-lTUmZaOIga2avMlLZm+H8iUAw+T+t22r+itFd128ugKJ4RdUPzMuI5G+r4WnpcnzYN/MF4YWnvzhrx1J/mwoXQ=="
        }
    }
}
